
Microsoft Visual Studio Solution File, Format Version 12.00
# Visual Studio Version 17
VisualStudioVersion = 17.0.31903.59
MinimumVisualStudioVersion = 10.0.40219.1
Project("{2150E333-8FDC-42A3-9474-1A3956D46DE8}") = "src", "src", "{827E0CD3-B72D-47B6-A68D-7590B98EB39B}"
EndProject
Project("{FAE04EC0-301F-11D3-BF4B-00C04F79EFBC}") = "Core", "src\Core\Core.csproj", "{1835B09F-A037-41F8-8CBC-ABEF95AAA813}"
EndProject
Project("{FAE04EC0-301F-11D3-BF4B-00C04F79EFBC}") = "Parsers", "src\Parsers\Parsers.csproj", "{E76A4CAA-3E1C-48E6-A584-CA939A2B0C99}"
EndProject
Project("{FAE04EC0-301F-11D3-BF4B-00C04F79EFBC}") = "Render", "src\Render\Render.csproj", "{265892D8-0223-4934-8E16-969DCF07B85F}"
EndProject
Project("{FAE04EC0-301F-11D3-BF4B-00C04F79EFBC}") = "App", "src\App\App.csproj", "{9811560E-580B-426F-B3BE-96BFE7CA0FDC}"
EndProject
Project("{FAE04EC0-301F-11D3-BF4B-00C04F79EFBC}") = "Tests", "tests\Tests.csproj", "{21A4C687-B86A-4640-9D22-57362B469DD7}"
EndProject
Project("{FAE04EC0-301F-11D3-BF4B-00C04F79EFBC}") = "Online", "src\Online\Online.csproj", "{9E51ABF0-6B95-4A70-AF62-403060E04FDD}"
EndProject
Global
	GlobalSection(SolutionConfigurationPlatforms) = preSolution
		Debug|Any CPU = Debug|Any CPU
		Debug|x64 = Debug|x64
		Debug|x86 = Debug|x86
		Release|Any CPU = Release|Any CPU
		Release|x64 = Release|x64
		Release|x86 = Release|x86
	EndGlobalSection
	GlobalSection(ProjectConfigurationPlatforms) = postSolution
		{1835B09F-A037-41F8-8CBC-ABEF95AAA813}.Debug|Any CPU.ActiveCfg = Debug|Any CPU
		{1835B09F-A037-41F8-8CBC-ABEF95AAA813}.Debug|Any CPU.Build.0 = Debug|Any CPU
		{1835B09F-A037-41F8-8CBC-ABEF95AAA813}.Debug|x64.ActiveCfg = Debug|Any CPU
		{1835B09F-A037-41F8-8CBC-ABEF95AAA813}.Debug|x64.Build.0 = Debug|Any CPU
		{1835B09F-A037-41F8-8CBC-ABEF95AAA813}.Debug|x86.ActiveCfg = Debug|Any CPU
		{1835B09F-A037-41F8-8CBC-ABEF95AAA813}.Debug|x86.Build.0 = Debug|Any CPU
		{1835B09F-A037-41F8-8CBC-ABEF95AAA813}.Release|Any CPU.ActiveCfg = Release|Any CPU
		{1835B09F-A037-41F8-8CBC-ABEF95AAA813}.Release|Any CPU.Build.0 = Release|Any CPU
		{1835B09F-A037-41F8-8CBC-ABEF95AAA813}.Release|x64.ActiveCfg = Release|Any CPU
		{1835B09F-A037-41F8-8CBC-ABEF95AAA813}.Release|x64.Build.0 = Release|Any CPU
		{1835B09F-A037-41F8-8CBC-ABEF95AAA813}.Release|x86.ActiveCfg = Release|Any CPU
		{1835B09F-A037-41F8-8CBC-ABEF95AAA813}.Release|x86.Build.0 = Release|Any CPU
		{E76A4CAA-3E1C-48E6-A584-CA939A2B0C99}.Debug|Any CPU.ActiveCfg = Debug|Any CPU
		{E76A4CAA-3E1C-48E6-A584-CA939A2B0C99}.Debug|Any CPU.Build.0 = Debug|Any CPU
		{E76A4CAA-3E1C-48E6-A584-CA939A2B0C99}.Debug|x64.ActiveCfg = Debug|Any CPU
		{E76A4CAA-3E1C-48E6-A584-CA939A2B0C99}.Debug|x64.Build.0 = Debug|Any CPU
		{E76A4CAA-3E1C-48E6-A584-CA939A2B0C99}.Debug|x86.ActiveCfg = Debug|Any CPU
		{E76A4CAA-3E1C-48E6-A584-CA939A2B0C99}.Debug|x86.Build.0 = Debug|Any CPU
		{E76A4CAA-3E1C-48E6-A584-CA939A2B0C99}.Release|Any CPU.ActiveCfg = Release|Any CPU
		{E76A4CAA-3E1C-48E6-A584-CA939A2B0C99}.Release|Any CPU.Build.0 = Release|Any CPU
		{E76A4CAA-3E1C-48E6-A584-CA939A2B0C99}.Release|x64.ActiveCfg = Release|Any CPU
		{E76A4CAA-3E1C-48E6-A584-CA939A2B0C99}.Release|x64.Build.0 = Release|Any CPU
		{E76A4CAA-3E1C-48E6-A584-CA939A2B0C99}.Release|x86.ActiveCfg = Release|Any CPU
		{E76A4CAA-3E1C-48E6-A584-CA939A2B0C99}.Release|x86.Build.0 = Release|Any CPU
		{265892D8-0223-4934-8E16-969DCF07B85F}.Debug|Any CPU.ActiveCfg = Debug|Any CPU
		{265892D8-0223-4934-8E16-969DCF07B85F}.Debug|Any CPU.Build.0 = Debug|Any CPU
		{265892D8-0223-4934-8E16-969DCF07B85F}.Debug|x64.ActiveCfg = Debug|Any CPU
		{265892D8-0223-4934-8E16-969DCF07B85F}.Debug|x64.Build.0 = Debug|Any CPU
		{265892D8-0223-4934-8E16-969DCF07B85F}.Debug|x86.ActiveCfg = Debug|Any CPU
		{265892D8-0223-4934-8E16-969DCF07B85F}.Debug|x86.Build.0 = Debug|Any CPU
		{265892D8-0223-4934-8E16-969DCF07B85F}.Release|Any CPU.ActiveCfg = Release|Any CPU
		{265892D8-0223-4934-8E16-969DCF07B85F}.Release|Any CPU.Build.0 = Release|Any CPU
		{265892D8-0223-4934-8E16-969DCF07B85F}.Release|x64.ActiveCfg = Release|Any CPU
		{265892D8-0223-4934-8E16-969DCF07B85F}.Release|x64.Build.0 = Release|Any CPU
		{265892D8-0223-4934-8E16-969DCF07B85F}.Release|x86.ActiveCfg = Release|Any CPU
		{265892D8-0223-4934-8E16-969DCF07B85F}.Release|x86.Build.0 = Release|Any CPU
		{9811560E-580B-426F-B3BE-96BFE7CA0FDC}.Debug|Any CPU.ActiveCfg = Debug|Any CPU
		{9811560E-580B-426F-B3BE-96BFE7CA0FDC}.Debug|Any CPU.Build.0 = Debug|Any CPU
		{9811560E-580B-426F-B3BE-96BFE7CA0FDC}.Debug|x64.ActiveCfg = Debug|Any CPU
		{9811560E-580B-426F-B3BE-96BFE7CA0FDC}.Debug|x64.Build.0 = Debug|Any CPU
		{9811560E-580B-426F-B3BE-96BFE7CA0FDC}.Debug|x86.ActiveCfg = Debug|Any CPU
		{9811560E-580B-426F-B3BE-96BFE7CA0FDC}.Debug|x86.Build.0 = Debug|Any CPU
		{9811560E-580B-426F-B3BE-96BFE7CA0FDC}.Release|Any CPU.ActiveCfg = Release|Any CPU
		{9811560E-580B-426F-B3BE-96BFE7CA0FDC}.Release|Any CPU.Build.0 = Release|Any CPU
		{9811560E-580B-426F-B3BE-96BFE7CA0FDC}.Release|x64.ActiveCfg = Release|Any CPU
		{9811560E-580B-426F-B3BE-96BFE7CA0FDC}.Release|x64.Build.0 = Release|Any CPU
		{9811560E-580B-426F-B3BE-96BFE7CA0FDC}.Release|x86.ActiveCfg = Release|Any CPU
		{9811560E-580B-426F-B3BE-96BFE7CA0FDC}.Release|x86.Build.0 = Release|Any CPU
		{21A4C687-B86A-4640-9D22-57362B469DD7}.Debug|Any CPU.ActiveCfg = Debug|Any CPU
		{21A4C687-B86A-4640-9D22-57362B469DD7}.Debug|Any CPU.Build.0 = Debug|Any CPU
		{21A4C687-B86A-4640-9D22-57362B469DD7}.Debug|x64.ActiveCfg = Debug|Any CPU
		{21A4C687-B86A-4640-9D22-57362B469DD7}.Debug|x64.Build.0 = Debug|Any CPU
		{21A4C687-B86A-4640-9D22-57362B469DD7}.Debug|x86.ActiveCfg = Debug|Any CPU
		{21A4C687-B86A-4640-9D22-57362B469DD7}.Debug|x86.Build.0 = Debug|Any CPU
		{21A4C687-B86A-4640-9D22-57362B469DD7}.Release|Any CPU.ActiveCfg = Release|Any CPU
		{21A4C687-B86A-4640-9D22-57362B469DD7}.Release|Any CPU.Build.0 = Release|Any CPU
		{21A4C687-B86A-4640-9D22-57362B469DD7}.Release|x64.ActiveCfg = Release|Any CPU
		{21A4C687-B86A-4640-9D22-57362B469DD7}.Release|x64.Build.0 = Release|Any CPU
		{21A4C687-B86A-4640-9D22-57362B469DD7}.Release|x86.ActiveCfg = Release|Any CPU
		{21A4C687-B86A-4640-9D22-57362B469DD7}.Release|x86.Build.0 = Release|Any CPU
		{9E51ABF0-6B95-4A70-AF62-403060E04FDD}.Debug|Any CPU.ActiveCfg = Debug|Any CPU
		{9E51ABF0-6B95-4A70-AF62-403060E04FDD}.Debug|Any CPU.Build.0 = Debug|Any CPU
		{9E51ABF0-6B95-4A70-AF62-403060E04FDD}.Debug|x64.ActiveCfg = Debug|Any CPU
		{9E51ABF0-6B95-4A70-AF62-403060E04FDD}.Debug|x64.Build.0 = Debug|Any CPU
		{9E51ABF0-6B95-4A70-AF62-403060E04FDD}.Debug|x86.ActiveCfg = Debug|Any CPU
		{9E51ABF0-6B95-4A70-AF62-403060E04FDD}.Debug|x86.Build.0 = Debug|Any CPU
		{9E51ABF0-6B95-4A70-AF62-403060E04FDD}.Release|Any CPU.ActiveCfg = Release|Any CPU
		{9E51ABF0-6B95-4A70-AF62-403060E04FDD}.Release|Any CPU.Build.0 = Release|Any CPU
		{9E51ABF0-6B95-4A70-AF62-403060E04FDD}.Release|x64.ActiveCfg = Release|Any CPU
		{9E51ABF0-6B95-4A70-AF62-403060E04FDD}.Release|x64.Build.0 = Release|Any CPU
		{9E51ABF0-6B95-4A70-AF62-403060E04FDD}.Release|x86.ActiveCfg = Release|Any CPU
		{9E51ABF0-6B95-4A70-AF62-403060E04FDD}.Release|x86.Build.0 = Release|Any CPU
	EndGlobalSection
	GlobalSection(SolutionProperties) = preSolution
		HideSolutionNode = FALSE
	EndGlobalSection
	GlobalSection(NestedProjects) = preSolution
		{1835B09F-A037-41F8-8CBC-ABEF95AAA813} = {827E0CD3-B72D-47B6-A68D-7590B98EB39B}
		{E76A4CAA-3E1C-48E6-A584-CA939A2B0C99} = {827E0CD3-B72D-47B6-A68D-7590B98EB39B}
		{265892D8-0223-4934-8E16-969DCF07B85F} = {827E0CD3-B72D-47B6-A68D-7590B98EB39B}
		{9811560E-580B-426F-B3BE-96BFE7CA0FDC} = {827E0CD3-B72D-47B6-A68D-7590B98EB39B}
		{21A4C687-B86A-4640-9D22-57362B469DD7} = {827E0CD3-B72D-47B6-A68D-7590B98EB39B}
		{9E51ABF0-6B95-4A70-AF62-403060E04FDD} = {827E0CD3-B72D-47B6-A68D-7590B98EB39B}
	EndGlobalSection
EndGlobal
